
Microsoft Visual Studio Solution File, Format Version 12.00
Project("{FAE04EC0-301F-11D3-BF4B-00C04F79EFBC}") = "MyIndustry.Api", "MyIndustry.Api\MyIndustry.Api.csproj", "{D79881CA-BA36-45D2-99D3-C82DED6182CA}"
EndProject
Project("{FAE04EC0-301F-11D3-BF4B-00C04F79EFBC}") = "MyIndustry.ApplicationService", "MyIndustry.ApplicationService\MyIndustry.ApplicationService.csproj", "{CFF045CD-2A4B-4AFA-8920-6346976547DF}"
EndProject
Project("{FAE04EC0-301F-11D3-BF4B-00C04F79EFBC}") = "MyIndustry.Container", "MyIndustry.Container\MyIndustry.Container.csproj", "{849571D7-B0AE-47B2-B68F-81E8D9869B69}"
EndProject
Project("{FAE04EC0-301F-11D3-BF4B-00C04F79EFBC}") = "MyIndustry.Domain", "MyIndustry.Domain\MyIndustry.Domain.csproj", "{4C8E56FF-3CE7-477E-B3B2-BED129BD7B13}"
EndProject
Project("{FAE04EC0-301F-11D3-BF4B-00C04F79EFBC}") = "MyIndustry.Repository", "MyIndustry.Repository\MyIndustry.Repository.csproj", "{67068FEA-6DA1-433B-B09C-64819B422608}"
EndProject
Project("{2150E333-8FDC-42A3-9474-1A3956D46DE8}") = "MyIndustry.Gateway", "MyIndustry.Gateway", "{879F0188-AACE-4438-BA69-850199BB166E}"
EndProject
Project("{FAE04EC0-301F-11D3-BF4B-00C04F79EFBC}") = "MyIndustry.Gateway", "MyIndustry.Gateway\MyIndustry.Gateway.csproj", "{38BA2A97-06F9-44C0-B082-F8EAEE65871D}"
EndProject
Project("{2150E333-8FDC-42A3-9474-1A3956D46DE8}") = "MyIndustry.Identity", "MyIndustry.Identity", "{0B1A4C86-0BA2-4803-9373-B29FE7DD07EE}"
EndProject
Project("{FAE04EC0-301F-11D3-BF4B-00C04F79EFBC}") = "MyIndustry.Identity.Api", "MyIndustry.Identity.Api\MyIndustry.Identity.Api.csproj", "{39352EE4-E5C7-4CAD-8532-E08D4DFB9042}"
EndProject
Project("{FAE04EC0-301F-11D3-BF4B-00C04F79EFBC}") = "MyIndustry.Identity.Repository", "MyIndustry.Identity.Repository\MyIndustry.Identity.Repository.csproj", "{8C4C4B72-4EC2-481B-8D6B-51266D724C2B}"
EndProject
Project("{FAE04EC0-301F-11D3-BF4B-00C04F79EFBC}") = "MyIndustry.Identity.ApplicationService", "MyIndustry.Identity.ApplicationService\MyIndustry.Identity.ApplicationService.csproj", "{385ED6C8-33EC-4280-9F56-8CDB3555662F}"
EndProject
Project("{FAE04EC0-301F-11D3-BF4B-00C04F79EFBC}") = "MyIndustry.Identity.Domain", "MyIndustry.Identity.Domain\MyIndustry.Identity.Domain.csproj", "{ADF6EDA8-83C4-4985-8960-D3B8ABF32B81}"
EndProject
Project("{2150E333-8FDC-42A3-9474-1A3956D46DE8}") = "MyIndustry.Core", "MyIndustry.Core", "{72DA9FDF-59E8-44D0-B21E-006DF14D864D}"
EndProject
Project("{2150E333-8FDC-42A3-9474-1A3956D46DE8}") = "MyIndustry.Communicator", "MyIndustry.Communicator", "{9BD491ED-1244-429C-841E-14F383834392}"
EndProject
Project("{FAE04EC0-301F-11D3-BF4B-00C04F79EFBC}") = "RedisCommunicator", "RedisCommunicator\RedisCommunicator.csproj", "{D799B736-F858-4FED-B2B8-A8030D290A52}"
EndProject
Project("{FAE04EC0-301F-11D3-BF4B-00C04F79EFBC}") = "RabbitMqCommunicator", "RabbitMqCommunicator\RabbitMqCommunicator.csproj", "{FCE6BC30-4157-4E42-BCE4-E55AA95A02AC}"
EndProject
Project("{2150E333-8FDC-42A3-9474-1A3956D46DE8}") = "MyIndustry.RabbitMq", "MyIndustry.RabbitMq", "{0D0ABA9F-CB8E-4BB1-A0C3-7E38B4903DED}"
EndProject
Project("{FAE04EC0-301F-11D3-BF4B-00C04F79EFBC}") = "MyIndustry.Queue", "MyIndustry.Queue\MyIndustry.Queue.csproj", "{76398B6C-0BD6-4241-9AC4-E17EDAC3EC11}"
EndProject
Project("{FAE04EC0-301F-11D3-BF4B-00C04F79EFBC}") = "MyIndustry.Queue.Message", "MyIndustry.Queue.Message\MyIndustry.Queue.Message.csproj", "{A18FC841-3BB1-46A7-823C-CF4574256B7C}"
EndProject
Project("{FAE04EC0-301F-11D3-BF4B-00C04F79EFBC}") = "CoreApiCommunicator", "CoreApiCommunicator\CoreApiCommunicator.csproj", "{2870F186-6A56-41C4-9CFE-B1C65A03EDDD}"
EndProject
Project("{2150E333-8FDC-42A3-9474-1A3956D46DE8}") = "Solution Items", "Solution Items", "{CB8E41E5-57C5-4759-AA71-F76F0E3FD078}"
	ProjectSection(SolutionItems) = preProject
		compose.yaml = compose.yaml
	EndProjectSection
EndProject
Project("{FAE04EC0-301F-11D3-BF4B-00C04F79EFBC}") = "MyIndustry.Tests", "MyIndustry.Tests\MyIndustry.Tests.csproj", "{CB91AABB-6A75-455E-B628-3BE5DEBAED19}"
EndProject
Global
	GlobalSection(SolutionConfigurationPlatforms) = preSolution
		Debug|Any CPU = Debug|Any CPU
		Debug|x64 = Debug|x64
		Debug|x86 = Debug|x86
		Release|Any CPU = Release|Any CPU
		Release|x64 = Release|x64
		Release|x86 = Release|x86
	EndGlobalSection
	GlobalSection(ProjectConfigurationPlatforms) = postSolution
		{D79881CA-BA36-45D2-99D3-C82DED6182CA}.Debug|Any CPU.ActiveCfg = Debug|Any CPU
		{D79881CA-BA36-45D2-99D3-C82DED6182CA}.Debug|Any CPU.Build.0 = Debug|Any CPU
		{D79881CA-BA36-45D2-99D3-C82DED6182CA}.Debug|x64.ActiveCfg = Debug|Any CPU
		{D79881CA-BA36-45D2-99D3-C82DED6182CA}.Debug|x64.Build.0 = Debug|Any CPU
		{D79881CA-BA36-45D2-99D3-C82DED6182CA}.Debug|x86.ActiveCfg = Debug|Any CPU
		{D79881CA-BA36-45D2-99D3-C82DED6182CA}.Debug|x86.Build.0 = Debug|Any CPU
		{D79881CA-BA36-45D2-99D3-C82DED6182CA}.Release|Any CPU.ActiveCfg = Release|Any CPU
		{D79881CA-BA36-45D2-99D3-C82DED6182CA}.Release|Any CPU.Build.0 = Release|Any CPU
		{D79881CA-BA36-45D2-99D3-C82DED6182CA}.Release|x64.ActiveCfg = Release|Any CPU
		{D79881CA-BA36-45D2-99D3-C82DED6182CA}.Release|x64.Build.0 = Release|Any CPU
		{D79881CA-BA36-45D2-99D3-C82DED6182CA}.Release|x86.ActiveCfg = Release|Any CPU
		{D79881CA-BA36-45D2-99D3-C82DED6182CA}.Release|x86.Build.0 = Release|Any CPU
		{CFF045CD-2A4B-4AFA-8920-6346976547DF}.Debug|Any CPU.ActiveCfg = Debug|Any CPU
		{CFF045CD-2A4B-4AFA-8920-6346976547DF}.Debug|Any CPU.Build.0 = Debug|Any CPU
		{CFF045CD-2A4B-4AFA-8920-6346976547DF}.Debug|x64.ActiveCfg = Debug|Any CPU
		{CFF045CD-2A4B-4AFA-8920-6346976547DF}.Debug|x64.Build.0 = Debug|Any CPU
		{CFF045CD-2A4B-4AFA-8920-6346976547DF}.Debug|x86.ActiveCfg = Debug|Any CPU
		{CFF045CD-2A4B-4AFA-8920-6346976547DF}.Debug|x86.Build.0 = Debug|Any CPU
		{CFF045CD-2A4B-4AFA-8920-6346976547DF}.Release|Any CPU.ActiveCfg = Release|Any CPU
		{CFF045CD-2A4B-4AFA-8920-6346976547DF}.Release|Any CPU.Build.0 = Release|Any CPU
		{CFF045CD-2A4B-4AFA-8920-6346976547DF}.Release|x64.ActiveCfg = Release|Any CPU
		{CFF045CD-2A4B-4AFA-8920-6346976547DF}.Release|x64.Build.0 = Release|Any CPU
		{CFF045CD-2A4B-4AFA-8920-6346976547DF}.Release|x86.ActiveCfg = Release|Any CPU
		{CFF045CD-2A4B-4AFA-8920-6346976547DF}.Release|x86.Build.0 = Release|Any CPU
		{849571D7-B0AE-47B2-B68F-81E8D9869B69}.Debug|Any CPU.ActiveCfg = Debug|Any CPU
		{849571D7-B0AE-47B2-B68F-81E8D9869B69}.Debug|Any CPU.Build.0 = Debug|Any CPU
		{849571D7-B0AE-47B2-B68F-81E8D9869B69}.Debug|x64.ActiveCfg = Debug|Any CPU
		{849571D7-B0AE-47B2-B68F-81E8D9869B69}.Debug|x64.Build.0 = Debug|Any CPU
		{849571D7-B0AE-47B2-B68F-81E8D9869B69}.Debug|x86.ActiveCfg = Debug|Any CPU
		{849571D7-B0AE-47B2-B68F-81E8D9869B69}.Debug|x86.Build.0 = Debug|Any CPU
		{849571D7-B0AE-47B2-B68F-81E8D9869B69}.Release|Any CPU.ActiveCfg = Release|Any CPU
		{849571D7-B0AE-47B2-B68F-81E8D9869B69}.Release|Any CPU.Build.0 = Release|Any CPU
		{849571D7-B0AE-47B2-B68F-81E8D9869B69}.Release|x64.ActiveCfg = Release|Any CPU
		{849571D7-B0AE-47B2-B68F-81E8D9869B69}.Release|x64.Build.0 = Release|Any CPU
		{849571D7-B0AE-47B2-B68F-81E8D9869B69}.Release|x86.ActiveCfg = Release|Any CPU
		{849571D7-B0AE-47B2-B68F-81E8D9869B69}.Release|x86.Build.0 = Release|Any CPU
		{4C8E56FF-3CE7-477E-B3B2-BED129BD7B13}.Debug|Any CPU.ActiveCfg = Debug|Any CPU
		{4C8E56FF-3CE7-477E-B3B2-BED129BD7B13}.Debug|Any CPU.Build.0 = Debug|Any CPU
		{4C8E56FF-3CE7-477E-B3B2-BED129BD7B13}.Debug|x64.ActiveCfg = Debug|Any CPU
		{4C8E56FF-3CE7-477E-B3B2-BED129BD7B13}.Debug|x64.Build.0 = Debug|Any CPU
		{4C8E56FF-3CE7-477E-B3B2-BED129BD7B13}.Debug|x86.ActiveCfg = Debug|Any CPU
		{4C8E56FF-3CE7-477E-B3B2-BED129BD7B13}.Debug|x86.Build.0 = Debug|Any CPU
		{4C8E56FF-3CE7-477E-B3B2-BED129BD7B13}.Release|Any CPU.ActiveCfg = Release|Any CPU
		{4C8E56FF-3CE7-477E-B3B2-BED129BD7B13}.Release|Any CPU.Build.0 = Release|Any CPU
		{4C8E56FF-3CE7-477E-B3B2-BED129BD7B13}.Release|x64.ActiveCfg = Release|Any CPU
		{4C8E56FF-3CE7-477E-B3B2-BED129BD7B13}.Release|x64.Build.0 = Release|Any CPU
		{4C8E56FF-3CE7-477E-B3B2-BED129BD7B13}.Release|x86.ActiveCfg = Release|Any CPU
		{4C8E56FF-3CE7-477E-B3B2-BED129BD7B13}.Release|x86.Build.0 = Release|Any CPU
		{67068FEA-6DA1-433B-B09C-64819B422608}.Debug|Any CPU.ActiveCfg = Debug|Any CPU
		{67068FEA-6DA1-433B-B09C-64819B422608}.Debug|Any CPU.Build.0 = Debug|Any CPU
		{67068FEA-6DA1-433B-B09C-64819B422608}.Debug|x64.ActiveCfg = Debug|Any CPU
		{67068FEA-6DA1-433B-B09C-64819B422608}.Debug|x64.Build.0 = Debug|Any CPU
		{67068FEA-6DA1-433B-B09C-64819B422608}.Debug|x86.ActiveCfg = Debug|Any CPU
		{67068FEA-6DA1-433B-B09C-64819B422608}.Debug|x86.Build.0 = Debug|Any CPU
		{67068FEA-6DA1-433B-B09C-64819B422608}.Release|Any CPU.ActiveCfg = Release|Any CPU
		{67068FEA-6DA1-433B-B09C-64819B422608}.Release|Any CPU.Build.0 = Release|Any CPU
		{67068FEA-6DA1-433B-B09C-64819B422608}.Release|x64.ActiveCfg = Release|Any CPU
		{67068FEA-6DA1-433B-B09C-64819B422608}.Release|x64.Build.0 = Release|Any CPU
		{67068FEA-6DA1-433B-B09C-64819B422608}.Release|x86.ActiveCfg = Release|Any CPU
		{67068FEA-6DA1-433B-B09C-64819B422608}.Release|x86.Build.0 = Release|Any CPU
		{38BA2A97-06F9-44C0-B082-F8EAEE65871D}.Debug|Any CPU.ActiveCfg = Debug|Any CPU
		{38BA2A97-06F9-44C0-B082-F8EAEE65871D}.Debug|Any CPU.Build.0 = Debug|Any CPU
		{38BA2A97-06F9-44C0-B082-F8EAEE65871D}.Debug|x64.ActiveCfg = Debug|Any CPU
		{38BA2A97-06F9-44C0-B082-F8EAEE65871D}.Debug|x64.Build.0 = Debug|Any CPU
		{38BA2A97-06F9-44C0-B082-F8EAEE65871D}.Debug|x86.ActiveCfg = Debug|Any CPU
		{38BA2A97-06F9-44C0-B082-F8EAEE65871D}.Debug|x86.Build.0 = Debug|Any CPU
		{38BA2A97-06F9-44C0-B082-F8EAEE65871D}.Release|Any CPU.ActiveCfg = Release|Any CPU
		{38BA2A97-06F9-44C0-B082-F8EAEE65871D}.Release|Any CPU.Build.0 = Release|Any CPU
		{38BA2A97-06F9-44C0-B082-F8EAEE65871D}.Release|x64.ActiveCfg = Release|Any CPU
		{38BA2A97-06F9-44C0-B082-F8EAEE65871D}.Release|x64.Build.0 = Release|Any CPU
		{38BA2A97-06F9-44C0-B082-F8EAEE65871D}.Release|x86.ActiveCfg = Release|Any CPU
		{38BA2A97-06F9-44C0-B082-F8EAEE65871D}.Release|x86.Build.0 = Release|Any CPU
		{39352EE4-E5C7-4CAD-8532-E08D4DFB9042}.Debug|Any CPU.ActiveCfg = Debug|Any CPU
		{39352EE4-E5C7-4CAD-8532-E08D4DFB9042}.Debug|Any CPU.Build.0 = Debug|Any CPU
		{39352EE4-E5C7-4CAD-8532-E08D4DFB9042}.Debug|x64.ActiveCfg = Debug|Any CPU
		{39352EE4-E5C7-4CAD-8532-E08D4DFB9042}.Debug|x64.Build.0 = Debug|Any CPU
		{39352EE4-E5C7-4CAD-8532-E08D4DFB9042}.Debug|x86.ActiveCfg = Debug|Any CPU
		{39352EE4-E5C7-4CAD-8532-E08D4DFB9042}.Debug|x86.Build.0 = Debug|Any CPU
		{39352EE4-E5C7-4CAD-8532-E08D4DFB9042}.Release|Any CPU.ActiveCfg = Release|Any CPU
		{39352EE4-E5C7-4CAD-8532-E08D4DFB9042}.Release|Any CPU.Build.0 = Release|Any CPU
		{39352EE4-E5C7-4CAD-8532-E08D4DFB9042}.Release|x64.ActiveCfg = Release|Any CPU
		{39352EE4-E5C7-4CAD-8532-E08D4DFB9042}.Release|x64.Build.0 = Release|Any CPU
		{39352EE4-E5C7-4CAD-8532-E08D4DFB9042}.Release|x86.ActiveCfg = Release|Any CPU
		{39352EE4-E5C7-4CAD-8532-E08D4DFB9042}.Release|x86.Build.0 = Release|Any CPU
		{8C4C4B72-4EC2-481B-8D6B-51266D724C2B}.Debug|Any CPU.ActiveCfg = Debug|Any CPU
		{8C4C4B72-4EC2-481B-8D6B-51266D724C2B}.Debug|Any CPU.Build.0 = Debug|Any CPU
		{8C4C4B72-4EC2-481B-8D6B-51266D724C2B}.Debug|x64.ActiveCfg = Debug|Any CPU
		{8C4C4B72-4EC2-481B-8D6B-51266D724C2B}.Debug|x64.Build.0 = Debug|Any CPU
		{8C4C4B72-4EC2-481B-8D6B-51266D724C2B}.Debug|x86.ActiveCfg = Debug|Any CPU
		{8C4C4B72-4EC2-481B-8D6B-51266D724C2B}.Debug|x86.Build.0 = Debug|Any CPU
		{8C4C4B72-4EC2-481B-8D6B-51266D724C2B}.Release|Any CPU.ActiveCfg = Release|Any CPU
		{8C4C4B72-4EC2-481B-8D6B-51266D724C2B}.Release|Any CPU.Build.0 = Release|Any CPU
		{8C4C4B72-4EC2-481B-8D6B-51266D724C2B}.Release|x64.ActiveCfg = Release|Any CPU
		{8C4C4B72-4EC2-481B-8D6B-51266D724C2B}.Release|x64.Build.0 = Release|Any CPU
		{8C4C4B72-4EC2-481B-8D6B-51266D724C2B}.Release|x86.ActiveCfg = Release|Any CPU
		{8C4C4B72-4EC2-481B-8D6B-51266D724C2B}.Release|x86.Build.0 = Release|Any CPU
		{385ED6C8-33EC-4280-9F56-8CDB3555662F}.Debug|Any CPU.ActiveCfg = Debug|Any CPU
		{385ED6C8-33EC-4280-9F56-8CDB3555662F}.Debug|Any CPU.Build.0 = Debug|Any CPU
		{385ED6C8-33EC-4280-9F56-8CDB3555662F}.Debug|x64.ActiveCfg = Debug|Any CPU
		{385ED6C8-33EC-4280-9F56-8CDB3555662F}.Debug|x64.Build.0 = Debug|Any CPU
		{385ED6C8-33EC-4280-9F56-8CDB3555662F}.Debug|x86.ActiveCfg = Debug|Any CPU
		{385ED6C8-33EC-4280-9F56-8CDB3555662F}.Debug|x86.Build.0 = Debug|Any CPU
		{385ED6C8-33EC-4280-9F56-8CDB3555662F}.Release|Any CPU.ActiveCfg = Release|Any CPU
		{385ED6C8-33EC-4280-9F56-8CDB3555662F}.Release|Any CPU.Build.0 = Release|Any CPU
		{385ED6C8-33EC-4280-9F56-8CDB3555662F}.Release|x64.ActiveCfg = Release|Any CPU
		{385ED6C8-33EC-4280-9F56-8CDB3555662F}.Release|x64.Build.0 = Release|Any CPU
		{385ED6C8-33EC-4280-9F56-8CDB3555662F}.Release|x86.ActiveCfg = Release|Any CPU
		{385ED6C8-33EC-4280-9F56-8CDB3555662F}.Release|x86.Build.0 = Release|Any CPU
		{ADF6EDA8-83C4-4985-8960-D3B8ABF32B81}.Debug|Any CPU.ActiveCfg = Debug|Any CPU
		{ADF6EDA8-83C4-4985-8960-D3B8ABF32B81}.Debug|Any CPU.Build.0 = Debug|Any CPU
		{ADF6EDA8-83C4-4985-8960-D3B8ABF32B81}.Debug|x64.ActiveCfg = Debug|Any CPU
		{ADF6EDA8-83C4-4985-8960-D3B8ABF32B81}.Debug|x64.Build.0 = Debug|Any CPU
		{ADF6EDA8-83C4-4985-8960-D3B8ABF32B81}.Debug|x86.ActiveCfg = Debug|Any CPU
		{ADF6EDA8-83C4-4985-8960-D3B8ABF32B81}.Debug|x86.Build.0 = Debug|Any CPU
		{ADF6EDA8-83C4-4985-8960-D3B8ABF32B81}.Release|Any CPU.ActiveCfg = Release|Any CPU
		{ADF6EDA8-83C4-4985-8960-D3B8ABF32B81}.Release|Any CPU.Build.0 = Release|Any CPU
		{ADF6EDA8-83C4-4985-8960-D3B8ABF32B81}.Release|x64.ActiveCfg = Release|Any CPU
		{ADF6EDA8-83C4-4985-8960-D3B8ABF32B81}.Release|x64.Build.0 = Release|Any CPU
		{ADF6EDA8-83C4-4985-8960-D3B8ABF32B81}.Release|x86.ActiveCfg = Release|Any CPU
		{ADF6EDA8-83C4-4985-8960-D3B8ABF32B81}.Release|x86.Build.0 = Release|Any CPU
		{D799B736-F858-4FED-B2B8-A8030D290A52}.Debug|Any CPU.ActiveCfg = Debug|Any CPU
		{D799B736-F858-4FED-B2B8-A8030D290A52}.Debug|Any CPU.Build.0 = Debug|Any CPU
		{D799B736-F858-4FED-B2B8-A8030D290A52}.Debug|x64.ActiveCfg = Debug|Any CPU
		{D799B736-F858-4FED-B2B8-A8030D290A52}.Debug|x64.Build.0 = Debug|Any CPU
		{D799B736-F858-4FED-B2B8-A8030D290A52}.Debug|x86.ActiveCfg = Debug|Any CPU
		{D799B736-F858-4FED-B2B8-A8030D290A52}.Debug|x86.Build.0 = Debug|Any CPU
		{D799B736-F858-4FED-B2B8-A8030D290A52}.Release|Any CPU.ActiveCfg = Release|Any CPU
		{D799B736-F858-4FED-B2B8-A8030D290A52}.Release|Any CPU.Build.0 = Release|Any CPU
		{D799B736-F858-4FED-B2B8-A8030D290A52}.Release|x64.ActiveCfg = Release|Any CPU
		{D799B736-F858-4FED-B2B8-A8030D290A52}.Release|x64.Build.0 = Release|Any CPU
		{D799B736-F858-4FED-B2B8-A8030D290A52}.Release|x86.ActiveCfg = Release|Any CPU
		{D799B736-F858-4FED-B2B8-A8030D290A52}.Release|x86.Build.0 = Release|Any CPU
		{FCE6BC30-4157-4E42-BCE4-E55AA95A02AC}.Debug|Any CPU.ActiveCfg = Debug|Any CPU
		{FCE6BC30-4157-4E42-BCE4-E55AA95A02AC}.Debug|Any CPU.Build.0 = Debug|Any CPU
		{FCE6BC30-4157-4E42-BCE4-E55AA95A02AC}.Debug|x64.ActiveCfg = Debug|Any CPU
		{FCE6BC30-4157-4E42-BCE4-E55AA95A02AC}.Debug|x64.Build.0 = Debug|Any CPU
		{FCE6BC30-4157-4E42-BCE4-E55AA95A02AC}.Debug|x86.ActiveCfg = Debug|Any CPU
		{FCE6BC30-4157-4E42-BCE4-E55AA95A02AC}.Debug|x86.Build.0 = Debug|Any CPU
		{FCE6BC30-4157-4E42-BCE4-E55AA95A02AC}.Release|Any CPU.ActiveCfg = Release|Any CPU
		{FCE6BC30-4157-4E42-BCE4-E55AA95A02AC}.Release|Any CPU.Build.0 = Release|Any CPU
		{FCE6BC30-4157-4E42-BCE4-E55AA95A02AC}.Release|x64.ActiveCfg = Release|Any CPU
		{FCE6BC30-4157-4E42-BCE4-E55AA95A02AC}.Release|x64.Build.0 = Release|Any CPU
		{FCE6BC30-4157-4E42-BCE4-E55AA95A02AC}.Release|x86.ActiveCfg = Release|Any CPU
		{FCE6BC30-4157-4E42-BCE4-E55AA95A02AC}.Release|x86.Build.0 = Release|Any CPU
		{76398B6C-0BD6-4241-9AC4-E17EDAC3EC11}.Debug|Any CPU.ActiveCfg = Debug|Any CPU
		{76398B6C-0BD6-4241-9AC4-E17EDAC3EC11}.Debug|Any CPU.Build.0 = Debug|Any CPU
		{76398B6C-0BD6-4241-9AC4-E17EDAC3EC11}.Debug|x64.ActiveCfg = Debug|Any CPU
		{76398B6C-0BD6-4241-9AC4-E17EDAC3EC11}.Debug|x64.Build.0 = Debug|Any CPU
		{76398B6C-0BD6-4241-9AC4-E17EDAC3EC11}.Debug|x86.ActiveCfg = Debug|Any CPU
		{76398B6C-0BD6-4241-9AC4-E17EDAC3EC11}.Debug|x86.Build.0 = Debug|Any CPU
		{76398B6C-0BD6-4241-9AC4-E17EDAC3EC11}.Release|Any CPU.ActiveCfg = Release|Any CPU
		{76398B6C-0BD6-4241-9AC4-E17EDAC3EC11}.Release|Any CPU.Build.0 = Release|Any CPU
		{76398B6C-0BD6-4241-9AC4-E17EDAC3EC11}.Release|x64.ActiveCfg = Release|Any CPU
		{76398B6C-0BD6-4241-9AC4-E17EDAC3EC11}.Release|x64.Build.0 = Release|Any CPU
		{76398B6C-0BD6-4241-9AC4-E17EDAC3EC11}.Release|x86.ActiveCfg = Release|Any CPU
		{76398B6C-0BD6-4241-9AC4-E17EDAC3EC11}.Release|x86.Build.0 = Release|Any CPU
		{A18FC841-3BB1-46A7-823C-CF4574256B7C}.Debug|Any CPU.ActiveCfg = Debug|Any CPU
		{A18FC841-3BB1-46A7-823C-CF4574256B7C}.Debug|Any CPU.Build.0 = Debug|Any CPU
		{A18FC841-3BB1-46A7-823C-CF4574256B7C}.Debug|x64.ActiveCfg = Debug|Any CPU
		{A18FC841-3BB1-46A7-823C-CF4574256B7C}.Debug|x64.Build.0 = Debug|Any CPU
		{A18FC841-3BB1-46A7-823C-CF4574256B7C}.Debug|x86.ActiveCfg = Debug|Any CPU
		{A18FC841-3BB1-46A7-823C-CF4574256B7C}.Debug|x86.Build.0 = Debug|Any CPU
		{A18FC841-3BB1-46A7-823C-CF4574256B7C}.Release|Any CPU.ActiveCfg = Release|Any CPU
		{A18FC841-3BB1-46A7-823C-CF4574256B7C}.Release|Any CPU.Build.0 = Release|Any CPU
		{A18FC841-3BB1-46A7-823C-CF4574256B7C}.Release|x64.ActiveCfg = Release|Any CPU
		{A18FC841-3BB1-46A7-823C-CF4574256B7C}.Release|x64.Build.0 = Release|Any CPU
		{A18FC841-3BB1-46A7-823C-CF4574256B7C}.Release|x86.ActiveCfg = Release|Any CPU
		{A18FC841-3BB1-46A7-823C-CF4574256B7C}.Release|x86.Build.0 = Release|Any CPU
		{2870F186-6A56-41C4-9CFE-B1C65A03EDDD}.Debug|Any CPU.ActiveCfg = Debug|Any CPU
		{2870F186-6A56-41C4-9CFE-B1C65A03EDDD}.Debug|Any CPU.Build.0 = Debug|Any CPU
		{2870F186-6A56-41C4-9CFE-B1C65A03EDDD}.Debug|x64.ActiveCfg = Debug|Any CPU
		{2870F186-6A56-41C4-9CFE-B1C65A03EDDD}.Debug|x64.Build.0 = Debug|Any CPU
		{2870F186-6A56-41C4-9CFE-B1C65A03EDDD}.Debug|x86.ActiveCfg = Debug|Any CPU
		{2870F186-6A56-41C4-9CFE-B1C65A03EDDD}.Debug|x86.Build.0 = Debug|Any CPU
		{2870F186-6A56-41C4-9CFE-B1C65A03EDDD}.Release|Any CPU.ActiveCfg = Release|Any CPU
		{2870F186-6A56-41C4-9CFE-B1C65A03EDDD}.Release|Any CPU.Build.0 = Release|Any CPU
		{2870F186-6A56-41C4-9CFE-B1C65A03EDDD}.Release|x64.ActiveCfg = Release|Any CPU
		{2870F186-6A56-41C4-9CFE-B1C65A03EDDD}.Release|x64.Build.0 = Release|Any CPU
		{2870F186-6A56-41C4-9CFE-B1C65A03EDDD}.Release|x86.ActiveCfg = Release|Any CPU
		{2870F186-6A56-41C4-9CFE-B1C65A03EDDD}.Release|x86.Build.0 = Release|Any CPU
		{CB91AABB-6A75-455E-B628-3BE5DEBAED19}.Debug|Any CPU.ActiveCfg = Debug|Any CPU
		{CB91AABB-6A75-455E-B628-3BE5DEBAED19}.Debug|Any CPU.Build.0 = Debug|Any CPU
		{CB91AABB-6A75-455E-B628-3BE5DEBAED19}.Debug|x64.ActiveCfg = Debug|Any CPU
		{CB91AABB-6A75-455E-B628-3BE5DEBAED19}.Debug|x64.Build.0 = Debug|Any CPU
		{CB91AABB-6A75-455E-B628-3BE5DEBAED19}.Debug|x86.ActiveCfg = Debug|Any CPU
		{CB91AABB-6A75-455E-B628-3BE5DEBAED19}.Debug|x86.Build.0 = Debug|Any CPU
		{CB91AABB-6A75-455E-B628-3BE5DEBAED19}.Release|Any CPU.ActiveCfg = Release|Any CPU
		{CB91AABB-6A75-455E-B628-3BE5DEBAED19}.Release|Any CPU.Build.0 = Release|Any CPU
		{CB91AABB-6A75-455E-B628-3BE5DEBAED19}.Release|x64.ActiveCfg = Release|Any CPU
		{CB91AABB-6A75-455E-B628-3BE5DEBAED19}.Release|x64.Build.0 = Release|Any CPU
		{CB91AABB-6A75-455E-B628-3BE5DEBAED19}.Release|x86.ActiveCfg = Release|Any CPU
		{CB91AABB-6A75-455E-B628-3BE5DEBAED19}.Release|x86.Build.0 = Release|Any CPU
	EndGlobalSection
	GlobalSection(SolutionProperties) = preSolution
		HideSolutionNode = FALSE
	EndGlobalSection
	GlobalSection(NestedProjects) = preSolution
		{D79881CA-BA36-45D2-99D3-C82DED6182CA} = {72DA9FDF-59E8-44D0-B21E-006DF14D864D}
		{CFF045CD-2A4B-4AFA-8920-6346976547DF} = {72DA9FDF-59E8-44D0-B21E-006DF14D864D}
		{849571D7-B0AE-47B2-B68F-81E8D9869B69} = {72DA9FDF-59E8-44D0-B21E-006DF14D864D}
		{4C8E56FF-3CE7-477E-B3B2-BED129BD7B13} = {72DA9FDF-59E8-44D0-B21E-006DF14D864D}
		{67068FEA-6DA1-433B-B09C-64819B422608} = {72DA9FDF-59E8-44D0-B21E-006DF14D864D}
		{38BA2A97-06F9-44C0-B082-F8EAEE65871D} = {879F0188-AACE-4438-BA69-850199BB166E}
		{39352EE4-E5C7-4CAD-8532-E08D4DFB9042} = {0B1A4C86-0BA2-4803-9373-B29FE7DD07EE}
		{8C4C4B72-4EC2-481B-8D6B-51266D724C2B} = {0B1A4C86-0BA2-4803-9373-B29FE7DD07EE}
		{385ED6C8-33EC-4280-9F56-8CDB3555662F} = {0B1A4C86-0BA2-4803-9373-B29FE7DD07EE}
		{ADF6EDA8-83C4-4985-8960-D3B8ABF32B81} = {0B1A4C86-0BA2-4803-9373-B29FE7DD07EE}
		{D799B736-F858-4FED-B2B8-A8030D290A52} = {9BD491ED-1244-429C-841E-14F383834392}
		{FCE6BC30-4157-4E42-BCE4-E55AA95A02AC} = {9BD491ED-1244-429C-841E-14F383834392}
		{76398B6C-0BD6-4241-9AC4-E17EDAC3EC11} = {0D0ABA9F-CB8E-4BB1-A0C3-7E38B4903DED}
		{A18FC841-3BB1-46A7-823C-CF4574256B7C} = {0D0ABA9F-CB8E-4BB1-A0C3-7E38B4903DED}
		{2870F186-6A56-41C4-9CFE-B1C65A03EDDD} = {9BD491ED-1244-429C-841E-14F383834392}
	EndGlobalSection
EndGlobal
